# This file is automatically @generated by Cargo.
# It is not intended for manual editing.
version = 3

[[package]]
name = "rbtree"
version = "0.1.5"
source = "registry+https://github.com/rust-lang/crates.io-index"
checksum = "c30302bfb88dd71dce9b3577ab7f607a246ecee387717e937d49466a6d4d4760"

[[package]]
name = "tunm_timer"
version = "0.1.1"
dependencies = [
 "rbtree",
]
